
Microsoft Visual Studio Solution File, Format Version 12.00
# Visual Studio Version 16
VisualStudioVersion = 25.0.1705.4
MinimumVisualStudioVersion = 10.0.40219.1
Project("{FAE04EC0-301F-11D3-BF4B-00C04F79EFBC}") = "Task Hedgehog", "Task Hedgehog\Task Hedgehog.csproj", "{1F6BC76B-79A7-4F32-9430-49A7A9B5E975}"
EndProject
Global
	GlobalSection(SolutionConfigurationPlatforms) = preSolution
		Debug|Any CPU = Debug|Any CPU
		Release|Any CPU = Release|Any CPU
	EndGlobalSection
	GlobalSection(ProjectConfigurationPlatforms) = postSolution
		{1F6BC76B-79A7-4F32-9430-49A7A9B5E975}.Debug|Any CPU.ActiveCfg = Debug|Any CPU
		{1F6BC76B-79A7-4F32-9430-49A7A9B5E975}.Debug|Any CPU.Build.0 = Debug|Any CPU
		{1F6BC76B-79A7-4F32-9430-49A7A9B5E975}.Release|Any CPU.ActiveCfg = Release|Any CPU
		{1F6BC76B-79A7-4F32-9430-49A7A9B5E975}.Release|Any CPU.Build.0 = Release|Any CPU
	EndGlobalSection
	GlobalSection(SolutionProperties) = preSolution
		HideSolutionNode = FALSE
	EndGlobalSection
	GlobalSection(ExtensibilityGlobals) = postSolution
		SolutionGuid = {D2FD08C0-8FEE-4240-B093-5F6C16CA9564}
	EndGlobalSection
EndGlobal
